// !$*UTF8*$!
{
	archiveVersion = 1;
	classes = {
	};
	objectVersion = 46;
	objects = {

/* Begin PBXBuildFile section */
		0D345E3F1F0F1933005AC0D8 /* HYViewController.m in Sources */ = {isa = PBXBuildFile; fileRef = 0D345E3C1F0F1933005AC0D8 /* HYViewController.m */; };
		0D345E401F0F1933005AC0D8 /* UIViewController+NavBarHidden.m in Sources */ = {isa = PBXBuildFile; fileRef = 0D345E3E1F0F1933005AC0D8 /* UIViewController+NavBarHidden.m */; };
		0D345E431F0F237A005AC0D8 /* MessageModel.m in Sources */ = {isa = PBXBuildFile; fileRef = 0D345E421F0F237A005AC0D8 /* MessageModel.m */; };
		0D345E461F0F5231005AC0D8 /* CanEatCV.m in Sources */ = {isa = PBXBuildFile; fileRef = 0D345E451F0F5231005AC0D8 /* CanEatCV.m */; };
		0D345E491F0F5885005AC0D8 /* CanEatModel.m in Sources */ = {isa = PBXBuildFile; fileRef = 0D345E481F0F5885005AC0D8 /* CanEatModel.m */; };
		0D345E4C1F0F5E53005AC0D8 /* TitleBtn.m in Sources */ = {isa = PBXBuildFile; fileRef = 0D345E4B1F0F5E53005AC0D8 /* TitleBtn.m */; };
		0D345E4F1F0F6F7B005AC0D8 /* ProblemAskTV.m in Sources */ = {isa = PBXBuildFile; fileRef = 0D345E4E1F0F6F7B005AC0D8 /* ProblemAskTV.m */; };
		0D345E531F0F6FFD005AC0D8 /* ProblemAskCell.m in Sources */ = {isa = PBXBuildFile; fileRef = 0D345E511F0F6FFD005AC0D8 /* ProblemAskCell.m */; };
		0D345E541F0F6FFD005AC0D8 /* ProblemAskCell.xib in Resources */ = {isa = PBXBuildFile; fileRef = 0D345E521F0F6FFD005AC0D8 /* ProblemAskCell.xib */; };
		0D3DE5A31F0DDE7800680C56 /* PerinatalTests.m in Sources */ = {isa = PBXBuildFile; fileRef = 0D3DE5A21F0DDE7800680C56 /* PerinatalTests.m */; };
		0D3DE5AE1F0DDE7800680C56 /* PerinatalUITests.m in Sources */ = {isa = PBXBuildFile; fileRef = 0D3DE5AD1F0DDE7800680C56 /* PerinatalUITests.m */; };
		0D3DE5F91F0E27EB00680C56 /* NSArray+Extension.m in Sources */ = {isa = PBXBuildFile; fileRef = 0D3DE5EA1F0E27EB00680C56 /* NSArray+Extension.m */; };
		0D3DE5FA1F0E27EB00680C56 /* NSString+Formatter.m in Sources */ = {isa = PBXBuildFile; fileRef = 0D3DE5EC1F0E27EB00680C56 /* NSString+Formatter.m */; };
		0D3DE5FB1F0E27EB00680C56 /* UIColor+Extension.m in Sources */ = {isa = PBXBuildFile; fileRef = 0D3DE5EE1F0E27EB00680C56 /* UIColor+Extension.m */; };
		0D3DE5FC1F0E27EB00680C56 /* UIImage+Extension.m in Sources */ = {isa = PBXBuildFile; fileRef = 0D3DE5F01F0E27EB00680C56 /* UIImage+Extension.m */; };
		0D3DE5FD1F0E27EB00680C56 /* UISearchBar+Extension.m in Sources */ = {isa = PBXBuildFile; fileRef = 0D3DE5F21F0E27EB00680C56 /* UISearchBar+Extension.m */; };
		0D3DE5FE1F0E27EB00680C56 /* UIView+Extension.m in Sources */ = {isa = PBXBuildFile; fileRef = 0D3DE5F41F0E27EB00680C56 /* UIView+Extension.m */; };
		0D3DE5FF1F0E27EB00680C56 /* UIView+frameAccessor.m in Sources */ = {isa = PBXBuildFile; fileRef = 0D3DE5F61F0E27EB00680C56 /* UIView+frameAccessor.m */; };
		0D3DE6001F0E27EB00680C56 /* UIViewController+TopBar.m in Sources */ = {isa = PBXBuildFile; fileRef = 0D3DE5F81F0E27EB00680C56 /* UIViewController+TopBar.m */; };
		0D3DE6041F0E291600680C56 /* AppDelegate.m in Sources */ = {isa = PBXBuildFile; fileRef = 0D3DE6031F0E291600680C56 /* AppDelegate.m */; };
		0D3DE6181F0E297700680C56 /* BaseNavigationController.m in Sources */ = {isa = PBXBuildFile; fileRef = 0D3DE6101F0E297700680C56 /* BaseNavigationController.m */; };
		0D3DE6191F0E297700680C56 /* BaseVC.m in Sources */ = {isa = PBXBuildFile; fileRef = 0D3DE6121F0E297700680C56 /* BaseVC.m */; };
		0D3DE61A1F0E297700680C56 /* BaseCV.m in Sources */ = {isa = PBXBuildFile; fileRef = 0D3DE6151F0E297700680C56 /* BaseCV.m */; };
		0D3DE61B1F0E297700680C56 /* BaseTV.m in Sources */ = {isa = PBXBuildFile; fileRef = 0D3DE6171F0E297700680C56 /* BaseTV.m */; };
		0D3DE6221F0E29E100680C56 /* Assets.xcassets in Resources */ = {isa = PBXBuildFile; fileRef = 0D3DE61E1F0E29E100680C56 /* Assets.xcassets */; };
		0D3DE6231F0E29E100680C56 /* Info.plist in Resources */ = {isa = PBXBuildFile; fileRef = 0D3DE61F1F0E29E100680C56 /* Info.plist */; };
		0D3DE6241F0E29E100680C56 /* LaunchScreen.storyboard in Resources */ = {isa = PBXBuildFile; fileRef = 0D3DE6201F0E29E100680C56 /* LaunchScreen.storyboard */; };
		0D3DE6251F0E29E100680C56 /* main.m in Sources */ = {isa = PBXBuildFile; fileRef = 0D3DE6211F0E29E100680C56 /* main.m */; };
		0D3DE6311F0E30EA00680C56 /* BaseTabarController.m in Sources */ = {isa = PBXBuildFile; fileRef = 0D3DE6301F0E30EA00680C56 /* BaseTabarController.m */; };
		0D3DE63C1F0E338500680C56 /* HomeVC.m in Sources */ = {isa = PBXBuildFile; fileRef = 0D3DE63B1F0E338500680C56 /* HomeVC.m */; };
		0D3DE63F1F0E33C600680C56 /* MedicalServiceVC.m in Sources */ = {isa = PBXBuildFile; fileRef = 0D3DE63E1F0E33C600680C56 /* MedicalServiceVC.m */; };
		0D3DE6421F0E342D00680C56 /* PersonalCenterVC.m in Sources */ = {isa = PBXBuildFile; fileRef = 0D3DE6411F0E342D00680C56 /* PersonalCenterVC.m */; };
		0D5A09951F12189600845BEC /* ReactiveCocoa.framework in Frameworks */ = {isa = PBXBuildFile; fileRef = 0D5A09941F12189600845BEC /* ReactiveCocoa.framework */; };
		0D9825B81F0E447A0077FF5C /* HomePageMessageTV.m in Sources */ = {isa = PBXBuildFile; fileRef = 0D9825B71F0E447A0077FF5C /* HomePageMessageTV.m */; };
		0D9825BB1F0E460D0077FF5C /* MessageCell.m in Sources */ = {isa = PBXBuildFile; fileRef = 0D9825BA1F0E460D0077FF5C /* MessageCell.m */; };
		53EC0D4694847511AFD5DB16 /* Pods_Perinatal.framework in Frameworks */ = {isa = PBXBuildFile; fileRef = 97839B4FB72FE24E95D67358 /* Pods_Perinatal.framework */; };
/* End PBXBuildFile section */

/* Begin PBXContainerItemProxy section */
		0D3DE59F1F0DDE7800680C56 /* PBXContainerItemProxy */ = {
			isa = PBXContainerItemProxy;
			containerPortal = 0D3DE57D1F0DDE7800680C56 /* Project object */;
			proxyType = 1;
			remoteGlobalIDString = 0D3DE5841F0DDE7800680C56;
			remoteInfo = Perinatal;
		};
		0D3DE5AA1F0DDE7800680C56 /* PBXContainerItemProxy */ = {
			isa = PBXContainerItemProxy;
			containerPortal = 0D3DE57D1F0DDE7800680C56 /* Project object */;
			proxyType = 1;
			remoteGlobalIDString = 0D3DE5841F0DDE7800680C56;
			remoteInfo = Perinatal;
		};
/* End PBXContainerItemProxy section */

/* Begin PBXFileReference section */
		0D345E3B1F0F1933005AC0D8 /* HYViewController.h */ = {isa = PBXFileReference; fileEncoding = 4; lastKnownFileType = sourcecode.c.h; path = HYViewController.h; sourceTree = "<group>"; };
		0D345E3C1F0F1933005AC0D8 /* HYViewController.m */ = {isa = PBXFileReference; fileEncoding = 4; lastKnownFileType = sourcecode.c.objc; path = HYViewController.m; sourceTree = "<group>"; };
		0D345E3D1F0F1933005AC0D8 /* UIViewController+NavBarHidden.h */ = {isa = PBXFileReference; fileEncoding = 4; lastKnownFileType = sourcecode.c.h; path = "UIViewController+NavBarHidden.h"; sourceTree = "<group>"; };
		0D345E3E1F0F1933005AC0D8 /* UIViewController+NavBarHidden.m */ = {isa = PBXFileReference; fileEncoding = 4; lastKnownFileType = sourcecode.c.objc; path = "UIViewController+NavBarHidden.m"; sourceTree = "<group>"; };
		0D345E411F0F237A005AC0D8 /* MessageModel.h */ = {isa = PBXFileReference; fileEncoding = 4; lastKnownFileType = sourcecode.c.h; path = MessageModel.h; sourceTree = "<group>"; };
		0D345E421F0F237A005AC0D8 /* MessageModel.m */ = {isa = PBXFileReference; fileEncoding = 4; lastKnownFileType = sourcecode.c.objc; path = MessageModel.m; sourceTree = "<group>"; };
		0D345E441F0F5231005AC0D8 /* CanEatCV.h */ = {isa = PBXFileReference; fileEncoding = 4; lastKnownFileType = sourcecode.c.h; path = CanEatCV.h; sourceTree = "<group>"; };
		0D345E451F0F5231005AC0D8 /* CanEatCV.m */ = {isa = PBXFileReference; fileEncoding = 4; lastKnownFileType = sourcecode.c.objc; path = CanEatCV.m; sourceTree = "<group>"; };
		0D345E471F0F5885005AC0D8 /* CanEatModel.h */ = {isa = PBXFileReference; fileEncoding = 4; lastKnownFileType = sourcecode.c.h; path = CanEatModel.h; sourceTree = "<group>"; };
		0D345E481F0F5885005AC0D8 /* CanEatModel.m */ = {isa = PBXFileReference; fileEncoding = 4; lastKnownFileType = sourcecode.c.objc; path = CanEatModel.m; sourceTree = "<group>"; };
		0D345E4A1F0F5E53005AC0D8 /* TitleBtn.h */ = {isa = PBXFileReference; fileEncoding = 4; lastKnownFileType = sourcecode.c.h; path = TitleBtn.h; sourceTree = "<group>"; };
		0D345E4B1F0F5E53005AC0D8 /* TitleBtn.m */ = {isa = PBXFileReference; fileEncoding = 4; lastKnownFileType = sourcecode.c.objc; path = TitleBtn.m; sourceTree = "<group>"; };
		0D345E4D1F0F6F7B005AC0D8 /* ProblemAskTV.h */ = {isa = PBXFileReference; fileEncoding = 4; lastKnownFileType = sourcecode.c.h; path = ProblemAskTV.h; sourceTree = "<group>"; };
		0D345E4E1F0F6F7B005AC0D8 /* ProblemAskTV.m */ = {isa = PBXFileReference; fileEncoding = 4; lastKnownFileType = sourcecode.c.objc; path = ProblemAskTV.m; sourceTree = "<group>"; };
		0D345E501F0F6FFD005AC0D8 /* ProblemAskCell.h */ = {isa = PBXFileReference; fileEncoding = 4; lastKnownFileType = sourcecode.c.h; path = ProblemAskCell.h; sourceTree = "<group>"; };
		0D345E511F0F6FFD005AC0D8 /* ProblemAskCell.m */ = {isa = PBXFileReference; fileEncoding = 4; lastKnownFileType = sourcecode.c.objc; path = ProblemAskCell.m; sourceTree = "<group>"; };
		0D345E521F0F6FFD005AC0D8 /* ProblemAskCell.xib */ = {isa = PBXFileReference; fileEncoding = 4; lastKnownFileType = file.xib; path = ProblemAskCell.xib; sourceTree = "<group>"; };
		0D3DE5851F0DDE7800680C56 /* Perinatal.app */ = {isa = PBXFileReference; explicitFileType = wrapper.application; includeInIndex = 0; path = Perinatal.app; sourceTree = BUILT_PRODUCTS_DIR; };
		0D3DE59E1F0DDE7800680C56 /* PerinatalTests.xctest */ = {isa = PBXFileReference; explicitFileType = wrapper.cfbundle; includeInIndex = 0; path = PerinatalTests.xctest; sourceTree = BUILT_PRODUCTS_DIR; };
		0D3DE5A21F0DDE7800680C56 /* PerinatalTests.m */ = {isa = PBXFileReference; lastKnownFileType = sourcecode.c.objc; path = PerinatalTests.m; sourceTree = "<group>"; };
		0D3DE5A41F0DDE7800680C56 /* Info.plist */ = {isa = PBXFileReference; lastKnownFileType = text.plist.xml; path = Info.plist; sourceTree = "<group>"; };
		0D3DE5A91F0DDE7800680C56 /* PerinatalUITests.xctest */ = {isa = PBXFileReference; explicitFileType = wrapper.cfbundle; includeInIndex = 0; path = PerinatalUITests.xctest; sourceTree = BUILT_PRODUCTS_DIR; };
		0D3DE5AD1F0DDE7800680C56 /* PerinatalUITests.m */ = {isa = PBXFileReference; lastKnownFileType = sourcecode.c.objc; path = PerinatalUITests.m; sourceTree = "<group>"; };
		0D3DE5AF1F0DDE7800680C56 /* Info.plist */ = {isa = PBXFileReference; lastKnownFileType = text.plist.xml; path = Info.plist; sourceTree = "<group>"; };
		0D3DE5E91F0E27EB00680C56 /* NSArray+Extension.h */ = {isa = PBXFileReference; fileEncoding = 4; lastKnownFileType = sourcecode.c.h; path = "NSArray+Extension.h"; sourceTree = "<group>"; };
		0D3DE5EA1F0E27EB00680C56 /* NSArray+Extension.m */ = {isa = PBXFileReference; fileEncoding = 4; lastKnownFileType = sourcecode.c.objc; path = "NSArray+Extension.m"; sourceTree = "<group>"; };
		0D3DE5EB1F0E27EB00680C56 /* NSString+Formatter.h */ = {isa = PBXFileReference; fileEncoding = 4; lastKnownFileType = sourcecode.c.h; path = "NSString+Formatter.h"; sourceTree = "<group>"; };
		0D3DE5EC1F0E27EB00680C56 /* NSString+Formatter.m */ = {isa = PBXFileReference; fileEncoding = 4; lastKnownFileType = sourcecode.c.objc; path = "NSString+Formatter.m"; sourceTree = "<group>"; };
		0D3DE5ED1F0E27EB00680C56 /* UIColor+Extension.h */ = {isa = PBXFileReference; fileEncoding = 4; lastKnownFileType = sourcecode.c.h; path = "UIColor+Extension.h"; sourceTree = "<group>"; };
		0D3DE5EE1F0E27EB00680C56 /* UIColor+Extension.m */ = {isa = PBXFileReference; fileEncoding = 4; lastKnownFileType = sourcecode.c.objc; path = "UIColor+Extension.m"; sourceTree = "<group>"; };
		0D3DE5EF1F0E27EB00680C56 /* UIImage+Extension.h */ = {isa = PBXFileReference; fileEncoding = 4; lastKnownFileType = sourcecode.c.h; path = "UIImage+Extension.h"; sourceTree = "<group>"; };
		0D3DE5F01F0E27EB00680C56 /* UIImage+Extension.m */ = {isa = PBXFileReference; fileEncoding = 4; lastKnownFileType = sourcecode.c.objc; path = "UIImage+Extension.m"; sourceTree = "<group>"; };
		0D3DE5F11F0E27EB00680C56 /* UISearchBar+Extension.h */ = {isa = PBXFileReference; fileEncoding = 4; lastKnownFileType = sourcecode.c.h; path = "UISearchBar+Extension.h"; sourceTree = "<group>"; };
		0D3DE5F21F0E27EB00680C56 /* UISearchBar+Extension.m */ = {isa = PBXFileReference; fileEncoding = 4; lastKnownFileType = sourcecode.c.objc; path = "UISearchBar+Extension.m"; sourceTree = "<group>"; };
		0D3DE5F31F0E27EB00680C56 /* UIView+Extension.h */ = {isa = PBXFileReference; fileEncoding = 4; lastKnownFileType = sourcecode.c.h; path = "UIView+Extension.h"; sourceTree = "<group>"; };
		0D3DE5F41F0E27EB00680C56 /* UIView+Extension.m */ = {isa = PBXFileReference; fileEncoding = 4; lastKnownFileType = sourcecode.c.objc; path = "UIView+Extension.m"; sourceTree = "<group>"; };
		0D3DE5F51F0E27EB00680C56 /* UIView+frameAccessor.h */ = {isa = PBXFileReference; fileEncoding = 4; lastKnownFileType = sourcecode.c.h; path = "UIView+frameAccessor.h"; sourceTree = "<group>"; };
		0D3DE5F61F0E27EB00680C56 /* UIView+frameAccessor.m */ = {isa = PBXFileReference; fileEncoding = 4; lastKnownFileType = sourcecode.c.objc; path = "UIView+frameAccessor.m"; sourceTree = "<group>"; };
		0D3DE5F71F0E27EB00680C56 /* UIViewController+TopBar.h */ = {isa = PBXFileReference; fileEncoding = 4; lastKnownFileType = sourcecode.c.h; path = "UIViewController+TopBar.h"; sourceTree = "<group>"; };
		0D3DE5F81F0E27EB00680C56 /* UIViewController+TopBar.m */ = {isa = PBXFileReference; fileEncoding = 4; lastKnownFileType = sourcecode.c.objc; path = "UIViewController+TopBar.m"; sourceTree = "<group>"; };
		0D3DE6021F0E291600680C56 /* AppDelegate.h */ = {isa = PBXFileReference; fileEncoding = 4; lastKnownFileType = sourcecode.c.h; path = AppDelegate.h; sourceTree = "<group>"; };
		0D3DE6031F0E291600680C56 /* AppDelegate.m */ = {isa = PBXFileReference; fileEncoding = 4; lastKnownFileType = sourcecode.c.objc; path = AppDelegate.m; sourceTree = "<group>"; };
		0D3DE6061F0E296000680C56 /* ACMacros.h */ = {isa = PBXFileReference; fileEncoding = 4; lastKnownFileType = sourcecode.c.h; path = ACMacros.h; sourceTree = "<group>"; };
		0D3DE6071F0E296000680C56 /* APIMacro.h */ = {isa = PBXFileReference; fileEncoding = 4; lastKnownFileType = sourcecode.c.h; path = APIMacro.h; sourceTree = "<group>"; };
		0D3DE6081F0E296000680C56 /* AppMacro.h */ = {isa = PBXFileReference; fileEncoding = 4; lastKnownFileType = sourcecode.c.h; path = AppMacro.h; sourceTree = "<group>"; };
		0D3DE6091F0E296000680C56 /* NotificationMacro.h */ = {isa = PBXFileReference; fileEncoding = 4; lastKnownFileType = sourcecode.c.h; path = NotificationMacro.h; sourceTree = "<group>"; };
		0D3DE60A1F0E296000680C56 /* ToolView.h */ = {isa = PBXFileReference; fileEncoding = 4; lastKnownFileType = sourcecode.c.h; path = ToolView.h; sourceTree = "<group>"; };
		0D3DE60B1F0E296000680C56 /* UtilsMacro.h */ = {isa = PBXFileReference; fileEncoding = 4; lastKnownFileType = sourcecode.c.h; path = UtilsMacro.h; sourceTree = "<group>"; };
		0D3DE60C1F0E296000680C56 /* VendorMarco.h */ = {isa = PBXFileReference; fileEncoding = 4; lastKnownFileType = sourcecode.c.h; path = VendorMarco.h; sourceTree = "<group>"; };
		0D3DE60F1F0E297700680C56 /* BaseNavigationController.h */ = {isa = PBXFileReference; fileEncoding = 4; lastKnownFileType = sourcecode.c.h; path = BaseNavigationController.h; sourceTree = "<group>"; };
		0D3DE6101F0E297700680C56 /* BaseNavigationController.m */ = {isa = PBXFileReference; fileEncoding = 4; lastKnownFileType = sourcecode.c.objc; path = BaseNavigationController.m; sourceTree = "<group>"; };
		0D3DE6111F0E297700680C56 /* BaseVC.h */ = {isa = PBXFileReference; fileEncoding = 4; lastKnownFileType = sourcecode.c.h; path = BaseVC.h; sourceTree = "<group>"; };
		0D3DE6121F0E297700680C56 /* BaseVC.m */ = {isa = PBXFileReference; fileEncoding = 4; lastKnownFileType = sourcecode.c.objc; path = BaseVC.m; sourceTree = "<group>"; };
		0D3DE6141F0E297700680C56 /* BaseCV.h */ = {isa = PBXFileReference; fileEncoding = 4; lastKnownFileType = sourcecode.c.h; path = BaseCV.h; sourceTree = "<group>"; };
		0D3DE6151F0E297700680C56 /* BaseCV.m */ = {isa = PBXFileReference; fileEncoding = 4; lastKnownFileType = sourcecode.c.objc; path = BaseCV.m; sourceTree = "<group>"; };
		0D3DE6161F0E297700680C56 /* BaseTV.h */ = {isa = PBXFileReference; fileEncoding = 4; lastKnownFileType = sourcecode.c.h; path = BaseTV.h; sourceTree = "<group>"; };
		0D3DE6171F0E297700680C56 /* BaseTV.m */ = {isa = PBXFileReference; fileEncoding = 4; lastKnownFileType = sourcecode.c.objc; path = BaseTV.m; sourceTree = "<group>"; };
		0D3DE61E1F0E29E100680C56 /* Assets.xcassets */ = {isa = PBXFileReference; lastKnownFileType = folder.assetcatalog; path = Assets.xcassets; sourceTree = "<group>"; };
		0D3DE61F1F0E29E100680C56 /* Info.plist */ = {isa = PBXFileReference; fileEncoding = 4; lastKnownFileType = text.plist.xml; path = Info.plist; sourceTree = "<group>"; };
		0D3DE6201F0E29E100680C56 /* LaunchScreen.storyboard */ = {isa = PBXFileReference; fileEncoding = 4; lastKnownFileType = file.storyboard; path = LaunchScreen.storyboard; sourceTree = "<group>"; };
		0D3DE6211F0E29E100680C56 /* main.m */ = {isa = PBXFileReference; fileEncoding = 4; lastKnownFileType = sourcecode.c.objc; path = main.m; sourceTree = "<group>"; };
		0D3DE62E1F0E2BBE00680C56 /* PrefixHeader.pch */ = {isa = PBXFileReference; fileEncoding = 4; lastKnownFileType = sourcecode.c.h; path = PrefixHeader.pch; sourceTree = "<group>"; };
		0D3DE62F1F0E30EA00680C56 /* BaseTabarController.h */ = {isa = PBXFileReference; fileEncoding = 4; lastKnownFileType = sourcecode.c.h; path = BaseTabarController.h; sourceTree = "<group>"; };
		0D3DE6301F0E30EA00680C56 /* BaseTabarController.m */ = {isa = PBXFileReference; fileEncoding = 4; lastKnownFileType = sourcecode.c.objc; path = BaseTabarController.m; sourceTree = "<group>"; };
		0D3DE63A1F0E338500680C56 /* HomeVC.h */ = {isa = PBXFileReference; fileEncoding = 4; lastKnownFileType = sourcecode.c.h; path = HomeVC.h; sourceTree = "<group>"; };
		0D3DE63B1F0E338500680C56 /* HomeVC.m */ = {isa = PBXFileReference; fileEncoding = 4; lastKnownFileType = sourcecode.c.objc; path = HomeVC.m; sourceTree = "<group>"; };
		0D3DE63D1F0E33C600680C56 /* MedicalServiceVC.h */ = {isa = PBXFileReference; fileEncoding = 4; lastKnownFileType = sourcecode.c.h; path = MedicalServiceVC.h; sourceTree = "<group>"; };
		0D3DE63E1F0E33C600680C56 /* MedicalServiceVC.m */ = {isa = PBXFileReference; fileEncoding = 4; lastKnownFileType = sourcecode.c.objc; path = MedicalServiceVC.m; sourceTree = "<group>"; };
		0D3DE6401F0E342D00680C56 /* PersonalCenterVC.h */ = {isa = PBXFileReference; fileEncoding = 4; lastKnownFileType = sourcecode.c.h; path = PersonalCenterVC.h; sourceTree = "<group>"; };
		0D3DE6411F0E342D00680C56 /* PersonalCenterVC.m */ = {isa = PBXFileReference; fileEncoding = 4; lastKnownFileType = sourcecode.c.objc; path = PersonalCenterVC.m; sourceTree = "<group>"; };
		0D5A09941F12189600845BEC /* ReactiveCocoa.framework */ = {isa = PBXFileReference; lastKnownFileType = wrapper.framework; name = ReactiveCocoa.framework; path = "../../../../Library/Developer/Xcode/DerivedData/Perinatal-dmiejpivsnpjosejizldzabagxsz/Build/Products/Debug-iphonesimulator/ReactiveCocoa/ReactiveCocoa.framework"; sourceTree = "<group>"; };
		0D9825B61F0E447A0077FF5C /* HomePageMessageTV.h */ = {isa = PBXFileReference; fileEncoding = 4; lastKnownFileType = sourcecode.c.h; path = HomePageMessageTV.h; sourceTree = "<group>"; };
		0D9825B71F0E447A0077FF5C /* HomePageMessageTV.m */ = {isa = PBXFileReference; fileEncoding = 4; lastKnownFileType = sourcecode.c.objc; path = HomePageMessageTV.m; sourceTree = "<group>"; };
		0D9825B91F0E460D0077FF5C /* MessageCell.h */ = {isa = PBXFileReference; fileEncoding = 4; lastKnownFileType = sourcecode.c.h; path = MessageCell.h; sourceTree = "<group>"; };
		0D9825BA1F0E460D0077FF5C /* MessageCell.m */ = {isa = PBXFileReference; fileEncoding = 4; lastKnownFileType = sourcecode.c.objc; path = MessageCell.m; sourceTree = "<group>"; };
		8BA4F21DE2541C2181D451DC /* Pods-Perinatal.release.xcconfig */ = {isa = PBXFileReference; includeInIndex = 1; lastKnownFileType = text.xcconfig; name = "Pods-Perinatal.release.xcconfig"; path = "Pods/Target Support Files/Pods-Perinatal/Pods-Perinatal.release.xcconfig"; sourceTree = "<group>"; };
		97839B4FB72FE24E95D67358 /* Pods_Perinatal.framework */ = {isa = PBXFileReference; explicitFileType = wrapper.framework; includeInIndex = 0; path = Pods_Perinatal.framework; sourceTree = BUILT_PRODUCTS_DIR; };
		A919F081B6DC270552D83B8E /* Pods-Perinatal.debug.xcconfig */ = {isa = PBXFileReference; includeInIndex = 1; lastKnownFileType = text.xcconfig; name = "Pods-Perinatal.debug.xcconfig"; path = "Pods/Target Support Files/Pods-Perinatal/Pods-Perinatal.debug.xcconfig"; sourceTree = "<group>"; };
/* End PBXFileReference section */

/* Begin PBXFrameworksBuildPhase section */
		0D3DE5821F0DDE7800680C56 /* Frameworks */ = {
			isa = PBXFrameworksBuildPhase;
			buildActionMask = 2147483647;
			files = (
				0D5A09951F12189600845BEC /* ReactiveCocoa.framework in Frameworks */,
				53EC0D4694847511AFD5DB16 /* Pods_Perinatal.framework in Frameworks */,
			);
			runOnlyForDeploymentPostprocessing = 0;
		};
		0D3DE59B1F0DDE7800680C56 /* Frameworks */ = {
			isa = PBXFrameworksBuildPhase;
			buildActionMask = 2147483647;
			files = (
			);
			runOnlyForDeploymentPostprocessing = 0;
		};
		0D3DE5A61F0DDE7800680C56 /* Frameworks */ = {
			isa = PBXFrameworksBuildPhase;
			buildActionMask = 2147483647;
			files = (
			);
			runOnlyForDeploymentPostprocessing = 0;
		};
/* End PBXFrameworksBuildPhase section */

/* Begin PBXGroup section */
		0D345E3A1F0F1933005AC0D8 /* HYNavBarHidden */ = {
			isa = PBXGroup;
			children = (
				0D345E3B1F0F1933005AC0D8 /* HYViewController.h */,
				0D345E3C1F0F1933005AC0D8 /* HYViewController.m */,
				0D345E3D1F0F1933005AC0D8 /* UIViewController+NavBarHidden.h */,
				0D345E3E1F0F1933005AC0D8 /* UIViewController+NavBarHidden.m */,
			);
			path = HYNavBarHidden;
			sourceTree = "<group>";
		};
		0D3DE57C1F0DDE7800680C56 = {
			isa = PBXGroup;
			children = (
				0D3DE5871F0DDE7800680C56 /* Perinatal */,
				0D3DE5A11F0DDE7800680C56 /* PerinatalTests */,
				0D3DE5AC1F0DDE7800680C56 /* PerinatalUITests */,
				0D3DE5861F0DDE7800680C56 /* Products */,
				99EF14B116C2462AAEA0D8E8 /* Pods */,
				73F4B46592829B6DA689DCCA /* Frameworks */,
			);
			sourceTree = "<group>";
		};
		0D3DE5861F0DDE7800680C56 /* Products */ = {
			isa = PBXGroup;
			children = (
				0D3DE5851F0DDE7800680C56 /* Perinatal.app */,
				0D3DE59E1F0DDE7800680C56 /* PerinatalTests.xctest */,
				0D3DE5A91F0DDE7800680C56 /* PerinatalUITests.xctest */,
			);
			name = Products;
			sourceTree = "<group>";
		};
		0D3DE5871F0DDE7800680C56 /* Perinatal */ = {
			isa = PBXGroup;
			children = (
				0D3DE60D1F0E297700680C56 /* Base */,
				0D3DE5E81F0E27EB00680C56 /* Category */,
				0D3DE6011F0E28E100680C56 /* Entry */,
				0D3DE6051F0E296000680C56 /* Macro */,
				0D3DE6281F0E2A8A00680C56 /* MVVM */,
				0D3DE62D1F0E2B2300680C56 /* Networking */,
				0D3DE62C1F0E2AD100680C56 /* SDK */,
				0D3DE61D1F0E29E100680C56 /* Supporting File */,
				0D3DE61C1F0E299D00680C56 /* Utinity */,
			);
			path = Perinatal;
			sourceTree = "<group>";
		};
		0D3DE5A11F0DDE7800680C56 /* PerinatalTests */ = {
			isa = PBXGroup;
			children = (
				0D3DE5A21F0DDE7800680C56 /* PerinatalTests.m */,
				0D3DE5A41F0DDE7800680C56 /* Info.plist */,
			);
			path = PerinatalTests;
			sourceTree = "<group>";
		};
		0D3DE5AC1F0DDE7800680C56 /* PerinatalUITests */ = {
			isa = PBXGroup;
			children = (
				0D3DE5AD1F0DDE7800680C56 /* PerinatalUITests.m */,
				0D3DE5AF1F0DDE7800680C56 /* Info.plist */,
			);
			path = PerinatalUITests;
			sourceTree = "<group>";
		};
		0D3DE5E81F0E27EB00680C56 /* Category */ = {
			isa = PBXGroup;
			children = (
				0D3DE5E91F0E27EB00680C56 /* NSArray+Extension.h */,
				0D3DE5EA1F0E27EB00680C56 /* NSArray+Extension.m */,
				0D3DE5EB1F0E27EB00680C56 /* NSString+Formatter.h */,
				0D3DE5EC1F0E27EB00680C56 /* NSString+Formatter.m */,
				0D3DE5ED1F0E27EB00680C56 /* UIColor+Extension.h */,
				0D3DE5EE1F0E27EB00680C56 /* UIColor+Extension.m */,
				0D3DE5EF1F0E27EB00680C56 /* UIImage+Extension.h */,
				0D3DE5F01F0E27EB00680C56 /* UIImage+Extension.m */,
				0D3DE5F11F0E27EB00680C56 /* UISearchBar+Extension.h */,
				0D3DE5F21F0E27EB00680C56 /* UISearchBar+Extension.m */,
				0D3DE5F31F0E27EB00680C56 /* UIView+Extension.h */,
				0D3DE5F41F0E27EB00680C56 /* UIView+Extension.m */,
				0D3DE5F51F0E27EB00680C56 /* UIView+frameAccessor.h */,
				0D3DE5F61F0E27EB00680C56 /* UIView+frameAccessor.m */,
				0D3DE5F71F0E27EB00680C56 /* UIViewController+TopBar.h */,
				0D3DE5F81F0E27EB00680C56 /* UIViewController+TopBar.m */,
			);
			path = Category;
			sourceTree = "<group>";
		};
		0D3DE6011F0E28E100680C56 /* Entry */ = {
			isa = PBXGroup;
			children = (
				0D3DE6021F0E291600680C56 /* AppDelegate.h */,
				0D3DE6031F0E291600680C56 /* AppDelegate.m */,
			);
			path = Entry;
			sourceTree = "<group>";
		};
		0D3DE6051F0E296000680C56 /* Macro */ = {
			isa = PBXGroup;
			children = (
				0D3DE6061F0E296000680C56 /* ACMacros.h */,
				0D3DE6071F0E296000680C56 /* APIMacro.h */,
				0D3DE6081F0E296000680C56 /* AppMacro.h */,
				0D3DE6091F0E296000680C56 /* NotificationMacro.h */,
				0D3DE60A1F0E296000680C56 /* ToolView.h */,
				0D3DE60B1F0E296000680C56 /* UtilsMacro.h */,
				0D3DE60C1F0E296000680C56 /* VendorMarco.h */,
			);
			path = Macro;
			sourceTree = "<group>";
		};
		0D3DE60D1F0E297700680C56 /* Base */ = {
			isa = PBXGroup;
			children = (
				0D3DE6261F0E2A2700680C56 /* BaseVM */,
				0D3DE60E1F0E297700680C56 /* BaseVC */,
				0D3DE6131F0E297700680C56 /* BaseView */,
			);
			path = Base;
			sourceTree = "<group>";
		};
		0D3DE60E1F0E297700680C56 /* BaseVC */ = {
			isa = PBXGroup;
			children = (
				0D3DE60F1F0E297700680C56 /* BaseNavigationController.h */,
				0D3DE6101F0E297700680C56 /* BaseNavigationController.m */,
				0D3DE62F1F0E30EA00680C56 /* BaseTabarController.h */,
				0D3DE6301F0E30EA00680C56 /* BaseTabarController.m */,
				0D3DE6111F0E297700680C56 /* BaseVC.h */,
				0D3DE6121F0E297700680C56 /* BaseVC.m */,
			);
			path = BaseVC;
			sourceTree = "<group>";
		};
		0D3DE6131F0E297700680C56 /* BaseView */ = {
			isa = PBXGroup;
			children = (
				0D3DE6141F0E297700680C56 /* BaseCV.h */,
				0D3DE6151F0E297700680C56 /* BaseCV.m */,
				0D3DE6161F0E297700680C56 /* BaseTV.h */,
				0D3DE6171F0E297700680C56 /* BaseTV.m */,
			);
			path = BaseView;
			sourceTree = "<group>";
		};
		0D3DE61C1F0E299D00680C56 /* Utinity */ = {
			isa = PBXGroup;
			children = (
			);
			path = Utinity;
			sourceTree = "<group>";
		};
		0D3DE61D1F0E29E100680C56 /* Supporting File */ = {
			isa = PBXGroup;
			children = (
				0D3DE61F1F0E29E100680C56 /* Info.plist */,
				0D3DE61E1F0E29E100680C56 /* Assets.xcassets */,
				0D3DE6201F0E29E100680C56 /* LaunchScreen.storyboard */,
				0D3DE6211F0E29E100680C56 /* main.m */,
				0D3DE62E1F0E2BBE00680C56 /* PrefixHeader.pch */,
			);
			path = "Supporting File";
			sourceTree = "<group>";
		};
		0D3DE6261F0E2A2700680C56 /* BaseVM */ = {
			isa = PBXGroup;
			children = (
			);
			name = BaseVM;
			path = BaseView/BaseVM;
			sourceTree = "<group>";
		};
		0D3DE6281F0E2A8A00680C56 /* MVVM */ = {
			isa = PBXGroup;
			children = (
				0D3DE6321F0E316300680C56 /* VCS */,
				0D3DE6291F0E2A8A00680C56 /* CustomView */,
				0D3DE62A1F0E2A8A00680C56 /* Model */,
				0D3DE62B1F0E2A8A00680C56 /* ViewModel */,
			);
			path = MVVM;
			sourceTree = "<group>";
		};
		0D3DE6291F0E2A8A00680C56 /* CustomView */ = {
			isa = PBXGroup;
			children = (
				0D9825B61F0E447A0077FF5C /* HomePageMessageTV.h */,
				0D9825B71F0E447A0077FF5C /* HomePageMessageTV.m */,
				0D345E4D1F0F6F7B005AC0D8 /* ProblemAskTV.h */,
				0D345E4E1F0F6F7B005AC0D8 /* ProblemAskTV.m */,
				0D345E441F0F5231005AC0D8 /* CanEatCV.h */,
				0D345E451F0F5231005AC0D8 /* CanEatCV.m */,
				0D345E4A1F0F5E53005AC0D8 /* TitleBtn.h */,
				0D345E4B1F0F5E53005AC0D8 /* TitleBtn.m */,
				0D9825B91F0E460D0077FF5C /* MessageCell.h */,
				0D9825BA1F0E460D0077FF5C /* MessageCell.m */,
				0D345E501F0F6FFD005AC0D8 /* ProblemAskCell.h */,
				0D345E511F0F6FFD005AC0D8 /* ProblemAskCell.m */,
				0D345E521F0F6FFD005AC0D8 /* ProblemAskCell.xib */,
			);
			path = CustomView;
			sourceTree = "<group>";
		};
		0D3DE62A1F0E2A8A00680C56 /* Model */ = {
			isa = PBXGroup;
			children = (
				0D345E411F0F237A005AC0D8 /* MessageModel.h */,
				0D345E421F0F237A005AC0D8 /* MessageModel.m */,
				0D345E471F0F5885005AC0D8 /* CanEatModel.h */,
				0D345E481F0F5885005AC0D8 /* CanEatModel.m */,
			);
			path = Model;
			sourceTree = "<group>";
		};
		0D3DE62B1F0E2A8A00680C56 /* ViewModel */ = {
			isa = PBXGroup;
			children = (
			);
			path = ViewModel;
			sourceTree = "<group>";
		};
		0D3DE62C1F0E2AD100680C56 /* SDK */ = {
			isa = PBXGroup;
			children = (
				0D345E3A1F0F1933005AC0D8 /* HYNavBarHidden */,
			);
			path = SDK;
			sourceTree = "<group>";
		};
		0D3DE62D1F0E2B2300680C56 /* Networking */ = {
			isa = PBXGroup;
			children = (
			);
			path = Networking;
			sourceTree = "<group>";
		};
		0D3DE6321F0E316300680C56 /* VCS */ = {
			isa = PBXGroup;
			children = (
				0D3DE6361F0E332900680C56 /* Home */,
				0D3DE6371F0E332900680C56 /* LoginRegister */,
				0D3DE6381F0E332900680C56 /* Medical Service */,
				0D3DE6391F0E332900680C56 /* Personal Center */,
			);
			path = VCS;
			sourceTree = "<group>";
		};
		0D3DE6361F0E332900680C56 /* Home */ = {
			isa = PBXGroup;
			children = (
				0D3DE63A1F0E338500680C56 /* HomeVC.h */,
				0D3DE63B1F0E338500680C56 /* HomeVC.m */,
			);
			path = Home;
			sourceTree = "<group>";
		};
		0D3DE6371F0E332900680C56 /* LoginRegister */ = {
			isa = PBXGroup;
			children = (
			);
			path = LoginRegister;
			sourceTree = "<group>";
		};
		0D3DE6381F0E332900680C56 /* Medical Service */ = {
			isa = PBXGroup;
			children = (
				0D3DE63D1F0E33C600680C56 /* MedicalServiceVC.h */,
				0D3DE63E1F0E33C600680C56 /* MedicalServiceVC.m */,
			);
			path = "Medical Service";
			sourceTree = "<group>";
		};
		0D3DE6391F0E332900680C56 /* Personal Center */ = {
			isa = PBXGroup;
			children = (
				0D3DE6401F0E342D00680C56 /* PersonalCenterVC.h */,
				0D3DE6411F0E342D00680C56 /* PersonalCenterVC.m */,
			);
			path = "Personal Center";
			sourceTree = "<group>";
		};
		73F4B46592829B6DA689DCCA /* Frameworks */ = {
			isa = PBXGroup;
			children = (
				0D5A09941F12189600845BEC /* ReactiveCocoa.framework */,
				97839B4FB72FE24E95D67358 /* Pods_Perinatal.framework */,
			);
			name = Frameworks;
			sourceTree = "<group>";
		};
		99EF14B116C2462AAEA0D8E8 /* Pods */ = {
			isa = PBXGroup;
			children = (
				A919F081B6DC270552D83B8E /* Pods-Perinatal.debug.xcconfig */,
				8BA4F21DE2541C2181D451DC /* Pods-Perinatal.release.xcconfig */,
			);
			name = Pods;
			sourceTree = "<group>";
		};
/* End PBXGroup section */

/* Begin PBXNativeTarget section */
		0D3DE5841F0DDE7800680C56 /* Perinatal */ = {
			isa = PBXNativeTarget;
			buildConfigurationList = 0D3DE5B21F0DDE7800680C56 /* Build configuration list for PBXNativeTarget "Perinatal" */;
			buildPhases = (
				ED5C8FAB2B89B8D0C0746D33 /* [CP] Check Pods Manifest.lock */,
				0D3DE5811F0DDE7800680C56 /* Sources */,
				0D3DE5821F0DDE7800680C56 /* Frameworks */,
				0D3DE5831F0DDE7800680C56 /* Resources */,
				529E0FB7B867ED948E0CBC83 /* [CP] Embed Pods Frameworks */,
				87417C3787F04F12B0D2A362 /* [CP] Copy Pods Resources */,
			);
			buildRules = (
			);
			dependencies = (
			);
			name = Perinatal;
			productName = Perinatal;
			productReference = 0D3DE5851F0DDE7800680C56 /* Perinatal.app */;
			productType = "com.apple.product-type.application";
		};
		0D3DE59D1F0DDE7800680C56 /* PerinatalTests */ = {
			isa = PBXNativeTarget;
			buildConfigurationList = 0D3DE5B51F0DDE7800680C56 /* Build configuration list for PBXNativeTarget "PerinatalTests" */;
			buildPhases = (
				0D3DE59A1F0DDE7800680C56 /* Sources */,
				0D3DE59B1F0DDE7800680C56 /* Frameworks */,
				0D3DE59C1F0DDE7800680C56 /* Resources */,
			);
			buildRules = (
			);
			dependencies = (
				0D3DE5A01F0DDE7800680C56 /* PBXTargetDependency */,
			);
			name = PerinatalTests;
			productName = PerinatalTests;
			productReference = 0D3DE59E1F0DDE7800680C56 /* PerinatalTests.xctest */;
			productType = "com.apple.product-type.bundle.unit-test";
		};
		0D3DE5A81F0DDE7800680C56 /* PerinatalUITests */ = {
			isa = PBXNativeTarget;
			buildConfigurationList = 0D3DE5B81F0DDE7800680C56 /* Build configuration list for PBXNativeTarget "PerinatalUITests" */;
			buildPhases = (
				0D3DE5A51F0DDE7800680C56 /* Sources */,
				0D3DE5A61F0DDE7800680C56 /* Frameworks */,
				0D3DE5A71F0DDE7800680C56 /* Resources */,
			);
			buildRules = (
			);
			dependencies = (
				0D3DE5AB1F0DDE7800680C56 /* PBXTargetDependency */,
			);
			name = PerinatalUITests;
			productName = PerinatalUITests;
			productReference = 0D3DE5A91F0DDE7800680C56 /* PerinatalUITests.xctest */;
			productType = "com.apple.product-type.bundle.ui-testing";
		};
/* End PBXNativeTarget section */

/* Begin PBXProject section */
		0D3DE57D1F0DDE7800680C56 /* Project object */ = {
			isa = PBXProject;
			attributes = {
				LastUpgradeCheck = 0830;
				ORGANIZATIONNAME = OY;
				TargetAttributes = {
					0D3DE5841F0DDE7800680C56 = {
						CreatedOnToolsVersion = 8.3.3;
						ProvisioningStyle = Automatic;
					};
					0D3DE59D1F0DDE7800680C56 = {
						CreatedOnToolsVersion = 8.3.3;
						ProvisioningStyle = Automatic;
						TestTargetID = 0D3DE5841F0DDE7800680C56;
					};
					0D3DE5A81F0DDE7800680C56 = {
						CreatedOnToolsVersion = 8.3.3;
						ProvisioningStyle = Automatic;
						TestTargetID = 0D3DE5841F0DDE7800680C56;
					};
				};
			};
			buildConfigurationList = 0D3DE5801F0DDE7800680C56 /* Build configuration list for PBXProject "Perinatal" */;
			compatibilityVersion = "Xcode 3.2";
			developmentRegion = English;
			hasScannedForEncodings = 0;
			knownRegions = (
				en,
				Base,
			);
			mainGroup = 0D3DE57C1F0DDE7800680C56;
			productRefGroup = 0D3DE5861F0DDE7800680C56 /* Products */;
			projectDirPath = "";
			projectRoot = "";
			targets = (
				0D3DE5841F0DDE7800680C56 /* Perinatal */,
				0D3DE59D1F0DDE7800680C56 /* PerinatalTests */,
				0D3DE5A81F0DDE7800680C56 /* PerinatalUITests */,
			);
		};
/* End PBXProject section */

/* Begin PBXResourcesBuildPhase section */
		0D3DE5831F0DDE7800680C56 /* Resources */ = {
			isa = PBXResourcesBuildPhase;
			buildActionMask = 2147483647;
			files = (
				0D3DE6241F0E29E100680C56 /* LaunchScreen.storyboard in Resources */,
				0D3DE6231F0E29E100680C56 /* Info.plist in Resources */,
				0D3DE6221F0E29E100680C56 /* Assets.xcassets in Resources */,
				0D345E541F0F6FFD005AC0D8 /* ProblemAskCell.xib in Resources */,
			);
			runOnlyForDeploymentPostprocessing = 0;
		};
		0D3DE59C1F0DDE7800680C56 /* Resources */ = {
			isa = PBXResourcesBuildPhase;
			buildActionMask = 2147483647;
			files = (
			);
			runOnlyForDeploymentPostprocessing = 0;
		};
		0D3DE5A71F0DDE7800680C56 /* Resources */ = {
			isa = PBXResourcesBuildPhase;
			buildActionMask = 2147483647;
			files = (
			);
			runOnlyForDeploymentPostprocessing = 0;
		};
/* End PBXResourcesBuildPhase section */

/* Begin PBXShellScriptBuildPhase section */
		529E0FB7B867ED948E0CBC83 /* [CP] Embed Pods Frameworks */ = {
			isa = PBXShellScriptBuildPhase;
			buildActionMask = 2147483647;
			files = (
			);
			inputPaths = (
			);
			name = "[CP] Embed Pods Frameworks";
			outputPaths = (
			);
			runOnlyForDeploymentPostprocessing = 0;
			shellPath = /bin/sh;
			shellScript = "\"${SRCROOT}/Pods/Target Support Files/Pods-Perinatal/Pods-Perinatal-frameworks.sh\"\n";
			showEnvVarsInLog = 0;
		};
		87417C3787F04F12B0D2A362 /* [CP] Copy Pods Resources */ = {
			isa = PBXShellScriptBuildPhase;
			buildActionMask = 2147483647;
			files = (
			);
			inputPaths = (
			);
			name = "[CP] Copy Pods Resources";
			outputPaths = (
			);
			runOnlyForDeploymentPostprocessing = 0;
			shellPath = /bin/sh;
			shellScript = "\"${SRCROOT}/Pods/Target Support Files/Pods-Perinatal/Pods-Perinatal-resources.sh\"\n";
			showEnvVarsInLog = 0;
		};
		ED5C8FAB2B89B8D0C0746D33 /* [CP] Check Pods Manifest.lock */ = {
			isa = PBXShellScriptBuildPhase;
			buildActionMask = 2147483647;
			files = (
			);
			inputPaths = (
			);
			name = "[CP] Check Pods Manifest.lock";
			outputPaths = (
			);
			runOnlyForDeploymentPostprocessing = 0;
			shellPath = /bin/sh;
			shellScript = "diff \"${PODS_PODFILE_DIR_PATH}/Podfile.lock\" \"${PODS_ROOT}/Manifest.lock\" > /dev/null\nif [ $? != 0 ] ; then\n    # print error to STDERR\n    echo \"error: The sandbox is not in sync with the Podfile.lock. Run 'pod install' or update your CocoaPods installation.\" >&2\n    exit 1\nfi\n";
			showEnvVarsInLog = 0;
		};
/* End PBXShellScriptBuildPhase section */

/* Begin PBXSourcesBuildPhase section */
		0D3DE5811F0DDE7800680C56 /* Sources */ = {
			isa = PBXSourcesBuildPhase;
			buildActionMask = 2147483647;
			files = (
				0D345E4F1F0F6F7B005AC0D8 /* ProblemAskTV.m in Sources */,
				0D3DE5FF1F0E27EB00680C56 /* UIView+frameAccessor.m in Sources */,
				0D3DE5FB1F0E27EB00680C56 /* UIColor+Extension.m in Sources */,
				0D345E461F0F5231005AC0D8 /* CanEatCV.m in Sources */,
				0D345E401F0F1933005AC0D8 /* UIViewController+NavBarHidden.m in Sources */,
				0D3DE6041F0E291600680C56 /* AppDelegate.m in Sources */,
				0D3DE6191F0E297700680C56 /* BaseVC.m in Sources */,
				0D3DE61A1F0E297700680C56 /* BaseCV.m in Sources */,
				0D345E4C1F0F5E53005AC0D8 /* TitleBtn.m in Sources */,
				0D3DE63C1F0E338500680C56 /* HomeVC.m in Sources */,
				0D3DE6001F0E27EB00680C56 /* UIViewController+TopBar.m in Sources */,
				0D3DE6421F0E342D00680C56 /* PersonalCenterVC.m in Sources */,
				0D9825B81F0E447A0077FF5C /* HomePageMessageTV.m in Sources */,
				0D3DE5FD1F0E27EB00680C56 /* UISearchBar+Extension.m in Sources */,
				0D345E491F0F5885005AC0D8 /* CanEatModel.m in Sources */,
				0D345E431F0F237A005AC0D8 /* MessageModel.m in Sources */,
				0D3DE5FE1F0E27EB00680C56 /* UIView+Extension.m in Sources */,
				0D3DE61B1F0E297700680C56 /* BaseTV.m in Sources */,
				0D345E3F1F0F1933005AC0D8 /* HYViewController.m in Sources */,
				0D345E531F0F6FFD005AC0D8 /* ProblemAskCell.m in Sources */,
				0D3DE5FC1F0E27EB00680C56 /* UIImage+Extension.m in Sources */,
				0D3DE63F1F0E33C600680C56 /* MedicalServiceVC.m in Sources */,
				0D9825BB1F0E460D0077FF5C /* MessageCell.m in Sources */,
				0D3DE5FA1F0E27EB00680C56 /* NSString+Formatter.m in Sources */,
				0D3DE5F91F0E27EB00680C56 /* NSArray+Extension.m in Sources */,
				0D3DE6251F0E29E100680C56 /* main.m in Sources */,
				0D3DE6181F0E297700680C56 /* BaseNavigationController.m in Sources */,
				0D3DE6311F0E30EA00680C56 /* BaseTabarController.m in Sources */,
			);
			runOnlyForDeploymentPostprocessing = 0;
		};
		0D3DE59A1F0DDE7800680C56 /* Sources */ = {
			isa = PBXSourcesBuildPhase;
			buildActionMask = 2147483647;
			files = (
				0D3DE5A31F0DDE7800680C56 /* PerinatalTests.m in Sources */,
			);
			runOnlyForDeploymentPostprocessing = 0;
		};
		0D3DE5A51F0DDE7800680C56 /* Sources */ = {
			isa = PBXSourcesBuildPhase;
			buildActionMask = 2147483647;
			files = (
				0D3DE5AE1F0DDE7800680C56 /* PerinatalUITests.m in Sources */,
			);
			runOnlyForDeploymentPostprocessing = 0;
		};
/* End PBXSourcesBuildPhase section */

/* Begin PBXTargetDependency section */
		0D3DE5A01F0DDE7800680C56 /* PBXTargetDependency */ = {
			isa = PBXTargetDependency;
			target = 0D3DE5841F0DDE7800680C56 /* Perinatal */;
			targetProxy = 0D3DE59F1F0DDE7800680C56 /* PBXContainerItemProxy */;
		};
		0D3DE5AB1F0DDE7800680C56 /* PBXTargetDependency */ = {
			isa = PBXTargetDependency;
			target = 0D3DE5841F0DDE7800680C56 /* Perinatal */;
			targetProxy = 0D3DE5AA1F0DDE7800680C56 /* PBXContainerItemProxy */;
		};
/* End PBXTargetDependency section */

/* Begin XCBuildConfiguration section */
		0D3DE5B01F0DDE7800680C56 /* Debug */ = {
			isa = XCBuildConfiguration;
			buildSettings = {
				ALWAYS_SEARCH_USER_PATHS = NO;
				CLANG_ANALYZER_NONNULL = YES;
				CLANG_ANALYZER_NUMBER_OBJECT_CONVERSION = YES_AGGRESSIVE;
				CLANG_CXX_LANGUAGE_STANDARD = "gnu++0x";
				CLANG_CXX_LIBRARY = "libc++";
				CLANG_ENABLE_MODULES = YES;
				CLANG_ENABLE_OBJC_ARC = YES;
				CLANG_WARN_BOOL_CONVERSION = YES;
				CLANG_WARN_CONSTANT_CONVERSION = YES;
				CLANG_WARN_DIRECT_OBJC_ISA_USAGE = YES_ERROR;
				CLANG_WARN_DOCUMENTATION_COMMENTS = YES;
				CLANG_WARN_EMPTY_BODY = YES;
				CLANG_WARN_ENUM_CONVERSION = YES;
				CLANG_WARN_INFINITE_RECURSION = YES;
				CLANG_WARN_INT_CONVERSION = YES;
				CLANG_WARN_OBJC_ROOT_CLASS = YES_ERROR;
				CLANG_WARN_SUSPICIOUS_MOVE = YES;
				CLANG_WARN_UNREACHABLE_CODE = YES;
				CLANG_WARN__DUPLICATE_METHOD_MATCH = YES;
				"CODE_SIGN_IDENTITY[sdk=iphoneos*]" = "iPhone Developer";
				COPY_PHASE_STRIP = NO;
				DEBUG_INFORMATION_FORMAT = dwarf;
				ENABLE_STRICT_OBJC_MSGSEND = YES;
				ENABLE_TESTABILITY = YES;
				GCC_C_LANGUAGE_STANDARD = gnu99;
				GCC_DYNAMIC_NO_PIC = NO;
				GCC_NO_COMMON_BLOCKS = YES;
				GCC_OPTIMIZATION_LEVEL = 0;
				GCC_PREPROCESSOR_DEFINITIONS = (
					"DEBUG=1",
					"$(inherited)",
				);
				GCC_WARN_64_TO_32_BIT_CONVERSION = YES;
				GCC_WARN_ABOUT_RETURN_TYPE = YES_ERROR;
				GCC_WARN_UNDECLARED_SELECTOR = YES;
				GCC_WARN_UNINITIALIZED_AUTOS = YES_AGGRESSIVE;
				GCC_WARN_UNUSED_FUNCTION = YES;
				GCC_WARN_UNUSED_VARIABLE = YES;
				IPHONEOS_DEPLOYMENT_TARGET = 10.3;
				MTL_ENABLE_DEBUG_INFO = YES;
				ONLY_ACTIVE_ARCH = YES;
				SDKROOT = iphoneos;
				TARGETED_DEVICE_FAMILY = "1,2";
			};
			name = Debug;
		};
		0D3DE5B11F0DDE7800680C56 /* Release */ = {
			isa = XCBuildConfiguration;
			buildSettings = {
				ALWAYS_SEARCH_USER_PATHS = NO;
				CLANG_ANALYZER_NONNULL = YES;
				CLANG_ANALYZER_NUMBER_OBJECT_CONVERSION = YES_AGGRESSIVE;
				CLANG_CXX_LANGUAGE_STANDARD = "gnu++0x";
				CLANG_CXX_LIBRARY = "libc++";
				CLANG_ENABLE_MODULES = YES;
				CLANG_ENABLE_OBJC_ARC = YES;
				CLANG_WARN_BOOL_CONVERSION = YES;
				CLANG_WARN_CONSTANT_CONVERSION = YES;
				CLANG_WARN_DIRECT_OBJC_ISA_USAGE = YES_ERROR;
				CLANG_WARN_DOCUMENTATION_COMMENTS = YES;
				CLANG_WARN_EMPTY_BODY = YES;
				CLANG_WARN_ENUM_CONVERSION = YES;
				CLANG_WARN_INFINITE_RECURSION = YES;
				CLANG_WARN_INT_CONVERSION = YES;
				CLANG_WARN_OBJC_ROOT_CLASS = YES_ERROR;
				CLANG_WARN_SUSPICIOUS_MOVE = YES;
				CLANG_WARN_UNREACHABLE_CODE = YES;
				CLANG_WARN__DUPLICATE_METHOD_MATCH = YES;
				"CODE_SIGN_IDENTITY[sdk=iphoneos*]" = "iPhone Developer";
				COPY_PHASE_STRIP = NO;
				DEBUG_INFORMATION_FORMAT = "dwarf-with-dsym";
				ENABLE_NS_ASSERTIONS = NO;
				ENABLE_STRICT_OBJC_MSGSEND = YES;
				GCC_C_LANGUAGE_STANDARD = gnu99;
				GCC_NO_COMMON_BLOCKS = YES;
				GCC_WARN_64_TO_32_BIT_CONVERSION = YES;
				GCC_WARN_ABOUT_RETURN_TYPE = YES_ERROR;
				GCC_WARN_UNDECLARED_SELECTOR = YES;
				GCC_WARN_UNINITIALIZED_AUTOS = YES_AGGRESSIVE;
				GCC_WARN_UNUSED_FUNCTION = YES;
				GCC_WARN_UNUSED_VARIABLE = YES;
				IPHONEOS_DEPLOYMENT_TARGET = 10.3;
				MTL_ENABLE_DEBUG_INFO = NO;
				SDKROOT = iphoneos;
				TARGETED_DEVICE_FAMILY = "1,2";
				VALIDATE_PRODUCT = YES;
			};
			name = Release;
		};
		0D3DE5B31F0DDE7800680C56 /* Debug */ = {
			isa = XCBuildConfiguration;
			baseConfigurationReference = A919F081B6DC270552D83B8E /* Pods-Perinatal.debug.xcconfig */;
			buildSettings = {
				ASSETCATALOG_COMPILER_APPICON_NAME = AppIcon;
				GCC_PRECOMPILE_PREFIX_HEADER = YES;
				GCC_PREFIX_HEADER = "/Users/oy/Documents/work/默尼/Perinatal/Perinatal/Supporting File/PrefixHeader.pch";
				INFOPLIST_FILE = "Perinatal/Supporting File/Info.plist";
				LD_RUNPATH_SEARCH_PATHS = "$(inherited) @executable_path/Frameworks";
				PRODUCT_BUNDLE_IDENTIFIER = com.moni.Perinatal;
				PRODUCT_NAME = "$(TARGET_NAME)";
			};
			name = Debug;
		};
		0D3DE5B41F0DDE7800680C56 /* Release */ = {
			isa = XCBuildConfiguration;
			baseConfigurationReference = 8BA4F21DE2541C2181D451DC /* Pods-Perinatal.release.xcconfig */;
			buildSettings = {
				ASSETCATALOG_COMPILER_APPICON_NAME = AppIcon;
				GCC_PRECOMPILE_PREFIX_HEADER = YES;
				GCC_PREFIX_HEADER = "/Users/oy/Documents/work/默尼/Perinatal/Perinatal/Supporting File/PrefixHeader.pch";
				INFOPLIST_FILE = "Perinatal/Supporting File/Info.plist";
				LD_RUNPATH_SEARCH_PATHS = "$(inherited) @executable_path/Frameworks";
				PRODUCT_BUNDLE_IDENTIFIER = com.moni.Perinatal;
				PRODUCT_NAME = "$(TARGET_NAME)";
			};
			name = Release;
		};
		0D3DE5B61F0DDE7800680C56 /* Debug */ = {
			isa = XCBuildConfiguration;
			buildSettings = {
				BUNDLE_LOADER = "$(TEST_HOST)";
				INFOPLIST_FILE = PerinatalTests/Info.plist;
				LD_RUNPATH_SEARCH_PATHS = "$(inherited) @executable_path/Frameworks @loader_path/Frameworks";
				PRODUCT_BUNDLE_IDENTIFIER = com.moni.PerinatalTests;
				PRODUCT_NAME = "$(TARGET_NAME)";
				TEST_HOST = "$(BUILT_PRODUCTS_DIR)/Perinatal.app/Perinatal";
			};
			name = Debug;
		};
		0D3DE5B71F0DDE7800680C56 /* Release */ = {
			isa = XCBuildConfiguration;
			buildSettings = {
				BUNDLE_LOADER = "$(TEST_HOST)";
				INFOPLIST_FILE = PerinatalTests/Info.plist;
				LD_RUNPATH_SEARCH_PATHS = "$(inherited) @executable_path/Frameworks @loader_path/Frameworks";
				PRODUCT_BUNDLE_IDENTIFIER = com.moni.PerinatalTests;
				PRODUCT_NAME = "$(TARGET_NAME)";
				TEST_HOST = "$(BUILT_PRODUCTS_DIR)/Perinatal.app/Perinatal";
			};
			name = Release;
		};
		0D3DE5B91F0DDE7800680C56 /* Debug */ = {
			isa = XCBuildConfiguration;
			buildSettings = {
				INFOPLIST_FILE = PerinatalUITests/Info.plist;
				LD_RUNPATH_SEARCH_PATHS = "$(inherited) @executable_path/Frameworks @loader_path/Frameworks";
				PRODUCT_BUNDLE_IDENTIFIER = com.moni.PerinatalUITests;
				PRODUCT_NAME = "$(TARGET_NAME)";
				TEST_TARGET_NAME = Perinatal;
			};
			name = Debug;
		};
		0D3DE5BA1F0DDE7800680C56 /* Release */ = {
			isa = XCBuildConfiguration;
			buildSettings = {
				INFOPLIST_FILE = PerinatalUITests/Info.plist;
				LD_RUNPATH_SEARCH_PATHS = "$(inherited) @executable_path/Frameworks @loader_path/Frameworks";
				PRODUCT_BUNDLE_IDENTIFIER = com.moni.PerinatalUITests;
				PRODUCT_NAME = "$(TARGET_NAME)";
				TEST_TARGET_NAME = Perinatal;
			};
			name = Release;
		};
/* End XCBuildConfiguration section */

/* Begin XCConfigurationList section */
		0D3DE5801F0DDE7800680C56 /* Build configuration list for PBXProject "Perinatal" */ = {
			isa = XCConfigurationList;
			buildConfigurations = (
				0D3DE5B01F0DDE7800680C56 /* Debug */,
				0D3DE5B11F0DDE7800680C56 /* Release */,
			);
			defaultConfigurationIsVisible = 0;
			defaultConfigurationName = Release;
		};
		0D3DE5B21F0DDE7800680C56 /* Build configuration list for PBXNativeTarget "Perinatal" */ = {
			isa = XCConfigurationList;
			buildConfigurations = (
				0D3DE5B31F0DDE7800680C56 /* Debug */,
				0D3DE5B41F0DDE7800680C56 /* Release */,
			);
			defaultConfigurationIsVisible = 0;
			defaultConfigurationName = Release;
		};
		0D3DE5B51F0DDE7800680C56 /* Build configuration list for PBXNativeTarget "PerinatalTests" */ = {
			isa = XCConfigurationList;
			buildConfigurations = (
				0D3DE5B61F0DDE7800680C56 /* Debug */,
				0D3DE5B71F0DDE7800680C56 /* Release */,
			);
			defaultConfigurationIsVisible = 0;
			defaultConfigurationName = Release;
		};
		0D3DE5B81F0DDE7800680C56 /* Build configuration list for PBXNativeTarget "PerinatalUITests" */ = {
			isa = XCConfigurationList;
			buildConfigurations = (
				0D3DE5B91F0DDE7800680C56 /* Debug */,
				0D3DE5BA1F0DDE7800680C56 /* Release */,
			);
			defaultConfigurationIsVisible = 0;
			defaultConfigurationName = Release;
		};
/* End XCConfigurationList section */
	};
	rootObject = 0D3DE57D1F0DDE7800680C56 /* Project object */;
}
